// !$*UTF8*$!
{
	archiveVersion = 1;
	classes = {
	};
	objectVersion = 56;
	objects = {

/* Begin PBXBuildFile section */
		14BE07B22A837473001923D4 /* NewAppTestAPICallApp.swift in Sources */ = {isa = PBXBuildFile; fileRef = 14BE07B12A837473001923D4 /* NewAppTestAPICallApp.swift */; };
		14BE07B42A837473001923D4 /* ContentView.swift in Sources */ = {isa = PBXBuildFile; fileRef = 14BE07B32A837473001923D4 /* ContentView.swift */; };
		14BE07B62A837475001923D4 /* Assets.xcassets in Resources */ = {isa = PBXBuildFile; fileRef = 14BE07B52A837475001923D4 /* Assets.xcassets */; };
		14BE07B92A837475001923D4 /* Preview Assets.xcassets in Resources */ = {isa = PBXBuildFile; fileRef = 14BE07B82A837475001923D4 /* Preview Assets.xcassets */; };
		14BE07C12A837620001923D4 /* WeatherKitManager.swift in Sources */ = {isa = PBXBuildFile; fileRef = 14BE07C02A837620001923D4 /* WeatherKitManager.swift */; };
		14BE07C32A8378E0001923D4 /* WeatherCurrentLocationView.swift in Sources */ = {isa = PBXBuildFile; fileRef = 14BE07C22A8378E0001923D4 /* WeatherCurrentLocationView.swift */; };
		14BE07C52A837D02001923D4 /* LocationManager.swift in Sources */ = {isa = PBXBuildFile; fileRef = 14BE07C42A837D02001923D4 /* LocationManager.swift */; };
/* End PBXBuildFile section */

/* Begin PBXFileReference section */
		14BE07AE2A837473001923D4 /* NewAppTestAPICall.app */ = {isa = PBXFileReference; explicitFileType = wrapper.application; includeInIndex = 0; path = NewAppTestAPICall.app; sourceTree = BUILT_PRODUCTS_DIR; };
		14BE07B12A837473001923D4 /* NewAppTestAPICallApp.swift */ = {isa = PBXFileReference; lastKnownFileType = sourcecode.swift; path = NewAppTestAPICallApp.swift; sourceTree = "<group>"; };
		14BE07B32A837473001923D4 /* ContentView.swift */ = {isa = PBXFileReference; lastKnownFileType = sourcecode.swift; path = ContentView.swift; sourceTree = "<group>"; };
		14BE07B52A837475001923D4 /* Assets.xcassets */ = {isa = PBXFileReference; lastKnownFileType = folder.assetcatalog; path = Assets.xcassets; sourceTree = "<group>"; };
		14BE07B82A837475001923D4 /* Preview Assets.xcassets */ = {isa = PBXFileReference; lastKnownFileType = folder.assetcatalog; path = "Preview Assets.xcassets"; sourceTree = "<group>"; };
		14BE07BF2A8375DE001923D4 /* NewAppTestAPICall.entitlements */ = {isa = PBXFileReference; lastKnownFileType = text.plist.entitlements; path = NewAppTestAPICall.entitlements; sourceTree = "<group>"; };
		14BE07C02A837620001923D4 /* WeatherKitManager.swift */ = {isa = PBXFileReference; lastKnownFileType = sourcecode.swift; path = WeatherKitManager.swift; sourceTree = "<group>"; };
		14BE07C22A8378E0001923D4 /* WeatherCurrentLocationView.swift */ = {isa = PBXFileReference; lastKnownFileType = sourcecode.swift; path = WeatherCurrentLocationView.swift; sourceTree = "<group>"; };
		14BE07C42A837D02001923D4 /* LocationManager.swift */ = {isa = PBXFileReference; lastKnownFileType = sourcecode.swift; path = LocationManager.swift; sourceTree = "<group>"; };
/* End PBXFileReference section */

/* Begin PBXFrameworksBuildPhase section */
		14BE07AB2A837473001923D4 /* Frameworks */ = {
			isa = PBXFrameworksBuildPhase;
			buildActionMask = 2147483647;
			files = (
			);
			runOnlyForDeploymentPostprocessing = 0;
		};
/* End PBXFrameworksBuildPhase section */

/* Begin PBXGroup section */
		14BE07A52A837473001923D4 = {
			isa = PBXGroup;
			children = (
				14BE07B02A837473001923D4 /* NewAppTestAPICall */,
				14BE07AF2A837473001923D4 /* Products */,
			);
			sourceTree = "<group>";
		};
		14BE07AF2A837473001923D4 /* Products */ = {
			isa = PBXGroup;
			children = (
				14BE07AE2A837473001923D4 /* NewAppTestAPICall.app */,
			);
			name = Products;
			sourceTree = "<group>";
		};
		14BE07B02A837473001923D4 /* NewAppTestAPICall */ = {
			isa = PBXGroup;
			children = (
				14BE07BF2A8375DE001923D4 /* NewAppTestAPICall.entitlements */,
				14BE07B12A837473001923D4 /* NewAppTestAPICallApp.swift */,
				14BE07B32A837473001923D4 /* ContentView.swift */,
				14BE07C82A837D39001923D4 /* View */,
				14BE07C72A837D1A001923D4 /* ViewManager */,
				14BE07B52A837475001923D4 /* Assets.xcassets */,
				14BE07B72A837475001923D4 /* Preview Content */,
			);
			path = NewAppTestAPICall;
			sourceTree = "<group>";
		};
		14BE07B72A837475001923D4 /* Preview Content */ = {
			isa = PBXGroup;
			children = (
				14BE07B82A837475001923D4 /* Preview Assets.xcassets */,
			);
			path = "Preview Content";
			sourceTree = "<group>";
		};
		14BE07C72A837D1A001923D4 /* ViewManager */ = {
			isa = PBXGroup;
			children = (
				14BE07C02A837620001923D4 /* WeatherKitManager.swift */,
				14BE07C42A837D02001923D4 /* LocationManager.swift */,
			);
			path = ViewManager;
			sourceTree = "<group>";
		};
		14BE07C82A837D39001923D4 /* View */ = {
			isa = PBXGroup;
			children = (
				14BE07C22A8378E0001923D4 /* WeatherCurrentLocationView.swift */,
			);
			path = View;
			sourceTree = "<group>";
		};
/* End PBXGroup section */

/* Begin PBXNativeTarget section */
		14BE07AD2A837473001923D4 /* NewAppTestAPICall */ = {
			isa = PBXNativeTarget;
			buildConfigurationList = 14BE07BC2A837475001923D4 /* Build configuration list for PBXNativeTarget "NewAppTestAPICall" */;
			buildPhases = (
				14BE07AA2A837473001923D4 /* Sources */,
				14BE07AB2A837473001923D4 /* Frameworks */,
				14BE07AC2A837473001923D4 /* Resources */,
			);
			buildRules = (
			);
			dependencies = (
			);
			name = NewAppTestAPICall;
			productName = NewAppTestAPICall;
			productReference = 14BE07AE2A837473001923D4 /* NewAppTestAPICall.app */;
			productType = "com.apple.product-type.application";
		};
/* End PBXNativeTarget section */

/* Begin PBXProject section */
		14BE07A62A837473001923D4 /* Project object */ = {
			isa = PBXProject;
			attributes = {
				BuildIndependentTargetsInParallel = 1;
				LastSwiftUpdateCheck = 1430;
				LastUpgradeCheck = 1430;
				TargetAttributes = {
					14BE07AD2A837473001923D4 = {
						CreatedOnToolsVersion = 14.3;
					};
				};
			};
			buildConfigurationList = 14BE07A92A837473001923D4 /* Build configuration list for PBXProject "NewAppTestAPICall" */;
			compatibilityVersion = "Xcode 14.0";
			developmentRegion = en;
			hasScannedForEncodings = 0;
			knownRegions = (
				en,
				Base,
			);
			mainGroup = 14BE07A52A837473001923D4;
			productRefGroup = 14BE07AF2A837473001923D4 /* Products */;
			projectDirPath = "";
			projectRoot = "";
			targets = (
				14BE07AD2A837473001923D4 /* NewAppTestAPICall */,
			);
		};
/* End PBXProject section */

/* Begin PBXResourcesBuildPhase section */
		14BE07AC2A837473001923D4 /* Resources */ = {
			isa = PBXResourcesBuildPhase;
			buildActionMask = 2147483647;
			files = (
				14BE07B92A837475001923D4 /* Preview Assets.xcassets in Resources */,
				14BE07B62A837475001923D4 /* Assets.xcassets in Resources */,
			);
			runOnlyForDeploymentPostprocessing = 0;
		};
/* End PBXResourcesBuildPhase section */

/* Begin PBXSourcesBuildPhase section */
		14BE07AA2A837473001923D4 /* Sources */ = {
			isa = PBXSourcesBuildPhase;
			buildActionMask = 2147483647;
			files = (
				14BE07C32A8378E0001923D4 /* WeatherCurrentLocationView.swift in Sources */,
				14BE07B42A837473001923D4 /* ContentView.swift in Sources */,
				14BE07C52A837D02001923D4 /* LocationManager.swift in Sources */,
				14BE07B22A837473001923D4 /* NewAppTestAPICallApp.swift in Sources */,
				14BE07C12A837620001923D4 /* WeatherKitManager.swift in Sources */,
			);
			runOnlyForDeploymentPostprocessing = 0;
		};
/* End PBXSourcesBuildPhase section */

/* Begin XCBuildConfiguration section */
		14BE07BA2A837475001923D4 /* Debug */ = {
			isa = XCBuildConfiguration;
			buildSettings = {
				ALWAYS_SEARCH_USER_PATHS = NO;
				CLANG_ANALYZER_NONNULL = YES;
				CLANG_ANALYZER_NUMBER_OBJECT_CONVERSION = YES_AGGRESSIVE;
				CLANG_CXX_LANGUAGE_STANDARD = "gnu++20";
				CLANG_ENABLE_MODULES = YES;
				CLANG_ENABLE_OBJC_ARC = YES;
				CLANG_ENABLE_OBJC_WEAK = YES;
				CLANG_WARN_BLOCK_CAPTURE_AUTORELEASING = YES;
				CLANG_WARN_BOOL_CONVERSION = YES;
				CLANG_WARN_COMMA = YES;
				CLANG_WARN_CONSTANT_CONVERSION = YES;
				CLANG_WARN_DEPRECATED_OBJC_IMPLEMENTATIONS = YES;
				CLANG_WARN_DIRECT_OBJC_ISA_USAGE = YES_ERROR;
				CLANG_WARN_DOCUMENTATION_COMMENTS = YES;
				CLANG_WARN_EMPTY_BODY = YES;
				CLANG_WARN_ENUM_CONVERSION = YES;
				CLANG_WARN_INFINITE_RECURSION = YES;
				CLANG_WARN_INT_CONVERSION = YES;
				CLANG_WARN_NON_LITERAL_NULL_CONVERSION = YES;
				CLANG_WARN_OBJC_IMPLICIT_RETAIN_SELF = YES;
				CLANG_WARN_OBJC_LITERAL_CONVERSION = YES;
				CLANG_WARN_OBJC_ROOT_CLASS = YES_ERROR;
				CLANG_WARN_QUOTED_INCLUDE_IN_FRAMEWORK_HEADER = YES;
				CLANG_WARN_RANGE_LOOP_ANALYSIS = YES;
				CLANG_WARN_STRICT_PROTOTYPES = YES;
				CLANG_WARN_SUSPICIOUS_MOVE = YES;
				CLANG_WARN_UNGUARDED_AVAILABILITY = YES_AGGRESSIVE;
				CLANG_WARN_UNREACHABLE_CODE = YES;
				CLANG_WARN__DUPLICATE_METHOD_MATCH = YES;
				COPY_PHASE_STRIP = NO;
				DEBUG_INFORMATION_FORMAT = dwarf;
				ENABLE_STRICT_OBJC_MSGSEND = YES;
				ENABLE_TESTABILITY = YES;
				GCC_C_LANGUAGE_STANDARD = gnu11;
				GCC_DYNAMIC_NO_PIC = NO;
				GCC_NO_COMMON_BLOCKS = YES;
				GCC_OPTIMIZATION_LEVEL = 0;
				GCC_PREPROCESSOR_DEFINITIONS = (
					"DEBUG=1",
					"$(inherited)",
				);
				GCC_WARN_64_TO_32_BIT_CONVERSION = YES;
				GCC_WARN_ABOUT_RETURN_TYPE = YES_ERROR;
				GCC_WARN_UNDECLARED_SELECTOR = YES;
				GCC_WARN_UNINITIALIZED_AUTOS = YES_AGGRESSIVE;
				GCC_WARN_UNUSED_FUNCTION = YES;
				GCC_WARN_UNUSED_VARIABLE = YES;
				IPHONEOS_DEPLOYMENT_TARGET = 16.4;
				MTL_ENABLE_DEBUG_INFO = INCLUDE_SOURCE;
				MTL_FAST_MATH = YES;
				ONLY_ACTIVE_ARCH = YES;
				SDKROOT = iphoneos;
				SWIFT_ACTIVE_COMPILATION_CONDITIONS = DEBUG;
				SWIFT_OPTIMIZATION_LEVEL = "-Onone";
			};
			name = Debug;
		};
		14BE07BB2A837475001923D4 /* Release */ = {
			isa = XCBuildConfiguration;
			buildSettings = {
				ALWAYS_SEARCH_USER_PATHS = NO;
				CLANG_ANALYZER_NONNULL = YES;
				CLANG_ANALYZER_NUMBER_OBJECT_CONVERSION = YES_AGGRESSIVE;
				CLANG_CXX_LANGUAGE_STANDARD = "gnu++20";
				CLANG_ENABLE_MODULES = YES;
				CLANG_ENABLE_OBJC_ARC = YES;
				CLANG_ENABLE_OBJC_WEAK = YES;
				CLANG_WARN_BLOCK_CAPTURE_AUTORELEASING = YES;
				CLANG_WARN_BOOL_CONVERSION = YES;
				CLANG_WARN_COMMA = YES;
				CLANG_WARN_CONSTANT_CONVERSION = YES;
				CLANG_WARN_DEPRECATED_OBJC_IMPLEMENTATIONS = YES;
				CLANG_WARN_DIRECT_OBJC_ISA_USAGE = YES_ERROR;
				CLANG_WARN_DOCUMENTATION_COMMENTS = YES;
				CLANG_WARN_EMPTY_BODY = YES;
				CLANG_WARN_ENUM_CONVERSION = YES;
				CLANG_WARN_INFINITE_RECURSION = YES;
				CLANG_WARN_INT_CONVERSION = YES;
				CLANG_WARN_NON_LITERAL_NULL_CONVERSION = YES;
				CLANG_WARN_OBJC_IMPLICIT_RETAIN_SELF = YES;
				CLANG_WARN_OBJC_LITERAL_CONVERSION = YES;
				CLANG_WARN_OBJC_ROOT_CLASS = YES_ERROR;
				CLANG_WARN_QUOTED_INCLUDE_IN_FRAMEWORK_HEADER = YES;
				CLANG_WARN_RANGE_LOOP_ANALYSIS = YES;
				CLANG_WARN_STRICT_PROTOTYPES = YES;
				CLANG_WARN_SUSPICIOUS_MOVE = YES;
				CLANG_WARN_UNGUARDED_AVAILABILITY = YES_AGGRESSIVE;
				CLANG_WARN_UNREACHABLE_CODE = YES;
				CLANG_WARN__DUPLICATE_METHOD_MATCH = YES;
				COPY_PHASE_STRIP = NO;
				DEBUG_INFORMATION_FORMAT = "dwarf-with-dsym";
				ENABLE_NS_ASSERTIONS = NO;
				ENABLE_STRICT_OBJC_MSGSEND = YES;
				GCC_C_LANGUAGE_STANDARD = gnu11;
				GCC_NO_COMMON_BLOCKS = YES;
				GCC_WARN_64_TO_32_BIT_CONVERSION = YES;
				GCC_WARN_ABOUT_RETURN_TYPE = YES_ERROR;
				GCC_WARN_UNDECLARED_SELECTOR = YES;
				GCC_WARN_UNINITIALIZED_AUTOS = YES_AGGRESSIVE;
				GCC_WARN_UNUSED_FUNCTION = YES;
				GCC_WARN_UNUSED_VARIABLE = YES;
				IPHONEOS_DEPLOYMENT_TARGET = 16.4;
				MTL_ENABLE_DEBUG_INFO = NO;
				MTL_FAST_MATH = YES;
				SDKROOT = iphoneos;
				SWIFT_COMPILATION_MODE = wholemodule;
				SWIFT_OPTIMIZATION_LEVEL = "-O";
				VALIDATE_PRODUCT = YES;
			};
			name = Release;
		};
		14BE07BD2A837475001923D4 /* Debug */ = {
			isa = XCBuildConfiguration;
			buildSettings = {
				ASSETCATALOG_COMPILER_APPICON_NAME = AppIcon;
				ASSETCATALOG_COMPILER_GLOBAL_ACCENT_COLOR_NAME = AccentColor;
				CODE_SIGN_ENTITLEMENTS = NewAppTestAPICall/NewAppTestAPICall.entitlements;
				CODE_SIGN_STYLE = Automatic;
				CURRENT_PROJECT_VERSION = 1;
				DEVELOPMENT_ASSET_PATHS = "\"NewAppTestAPICall/Preview Content\"";
				DEVELOPMENT_TEAM = 4FK7MWFCFZ;
				ENABLE_PREVIEWS = YES;
				GENERATE_INFOPLIST_FILE = YES;
				INFOPLIST_KEY_LSApplicationCategoryType = "";
				INFOPLIST_KEY_NSLocationAlwaysAndWhenInUseUsageDescription = "We want to use your location to show the weather";
				INFOPLIST_KEY_NSLocationUsageDescription = "We want to use your location to show the weather";
				INFOPLIST_KEY_NSLocationWhenInUseUsageDescription = "We want to use your location to show the weather";
				INFOPLIST_KEY_UIApplicationSceneManifest_Generation = YES;
				INFOPLIST_KEY_UIApplicationSupportsIndirectInputEvents = YES;
				INFOPLIST_KEY_UILaunchScreen_Generation = YES;
				INFOPLIST_KEY_UISupportedInterfaceOrientations_iPad = "UIInterfaceOrientationPortrait UIInterfaceOrientationPortraitUpsideDown UIInterfaceOrientationLandscapeLeft UIInterfaceOrientationLandscapeRight";
				INFOPLIST_KEY_UISupportedInterfaceOrientations_iPhone = "UIInterfaceOrientationPortrait UIInterfaceOrientationLandscapeLeft UIInterfaceOrientationLandscapeRight";
				IPHONEOS_DEPLOYMENT_TARGET = 16.2;
				LD_RUNPATH_SEARCH_PATHS = (
					"$(inherited)",
					"@executable_path/Frameworks",
				);
				MARKETING_VERSION = 1.0;
				PRODUCT_BUNDLE_IDENTIFIER = com.RomainPoyard.NewAppTestAPICall;
				PRODUCT_NAME = "$(TARGET_NAME)";
				SWIFT_EMIT_LOC_STRINGS = YES;
				SWIFT_VERSION = 5.0;
				TARGETED_DEVICE_FAMILY = "1,2";
			};
			name = Debug;
		};
		14BE07BE2A837475001923D4 /* Release */ = {
			isa = XCBuildConfiguration;
			buildSettings = {
				ASSETCATALOG_COMPILER_APPICON_NAME = AppIcon;
				ASSETCATALOG_COMPILER_GLOBAL_ACCENT_COLOR_NAME = AccentColor;
				CODE_SIGN_ENTITLEMENTS = NewAppTestAPICall/NewAppTestAPICall.entitlements;
				CODE_SIGN_STYLE = Automatic;
				CURRENT_PROJECT_VERSION = 1;
				DEVELOPMENT_ASSET_PATHS = "\"NewAppTestAPICall/Preview Content\"";
				DEVELOPMENT_TEAM = 4FK7MWFCFZ;
				ENABLE_PREVIEWS = YES;
				GENERATE_INFOPLIST_FILE = YES;
				INFOPLIST_KEY_LSApplicationCategoryType = "";
				INFOPLIST_KEY_NSLocationAlwaysAndWhenInUseUsageDescription = "We want to use your location to show the weather";
				INFOPLIST_KEY_NSLocationUsageDescription = "We want to use your location to show the weather";
				INFOPLIST_KEY_NSLocationWhenInUseUsageDescription = "We want to use your location to show the weather";
				INFOPLIST_KEY_UIApplicationSceneManifest_Generation = YES;
				INFOPLIST_KEY_UIApplicationSupportsIndirectInputEvents = YES;
				INFOPLIST_KEY_UILaunchScreen_Generation = YES;
				INFOPLIST_KEY_UISupportedInterfaceOrientations_iPad = "UIInterfaceOrientationPortrait UIInterfaceOrientationPortraitUpsideDown UIInterfaceOrientationLandscapeLeft UIInterfaceOrientationLandscapeRight";
				INFOPLIST_KEY_UISupportedInterfaceOrientations_iPhone = "UIInterfaceOrientationPortrait UIInterfaceOrientationLandscapeLeft UIInterfaceOrientationLandscapeRight";
				IPHONEOS_DEPLOYMENT_TARGET = 16.2;
				LD_RUNPATH_SEARCH_PATHS = (
					"$(inherited)",
					"@executable_path/Frameworks",
				);
				MARKETING_VERSION = 1.0;
				PRODUCT_BUNDLE_IDENTIFIER = com.RomainPoyard.NewAppTestAPICall;
				PRODUCT_NAME = "$(TARGET_NAME)";
				SWIFT_EMIT_LOC_STRINGS = YES;
				SWIFT_VERSION = 5.0;
				TARGETED_DEVICE_FAMILY = "1,2";
			};
			name = Release;
		};
/* End XCBuildConfiguration section */

/* Begin XCConfigurationList section */
		14BE07A92A837473001923D4 /* Build configuration list for PBXProject "NewAppTestAPICall" */ = {
			isa = XCConfigurationList;
			buildConfigurations = (
				14BE07BA2A837475001923D4 /* Debug */,
				14BE07BB2A837475001923D4 /* Release */,
			);
			defaultConfigurationIsVisible = 0;
			defaultConfigurationName = Release;
		};
		14BE07BC2A837475001923D4 /* Build configuration list for PBXNativeTarget "NewAppTestAPICall" */ = {
			isa = XCConfigurationList;
			buildConfigurations = (
				14BE07BD2A837475001923D4 /* Debug */,
				14BE07BE2A837475001923D4 /* Release */,
			);
			defaultConfigurationIsVisible = 0;
			defaultConfigurationName = Release;
		};
/* End XCConfigurationList section */
	};
	rootObject = 14BE07A62A837473001923D4 /* Project object */;
}
